Microsoft Visual Studio Solution File, Format Version 12.00
# Visual Studio Version 17
VisualStudioVersion = 17.12.35707.178
MinimumVisualStudioVersion = 10.0.40219.1
Project("{FAE04EC0-301F-11D3-BF4B-00C04F79EFBC}") = "Harmonee.AppHost", "Harmonee.AppHost\Harmonee.AppHost.csproj", "{BB7810BB-CB3E-495E-9C31-56A33B6DAFE7}"
EndProject
Project("{FAE04EC0-301F-11D3-BF4B-00C04F79EFBC}") = "Harmonee.ServiceDefaults", "Harmonee.ServiceDefaults\Harmonee.ServiceDefaults.csproj", "{74E40E61-10B5-4DBA-BB8E-0F46514623FA}"
EndProject
Project("{FAE04EC0-301F-11D3-BF4B-00C04F79EFBC}") = "Harmonee.Tests", "Harmonee.Tests\Harmonee.Tests.csproj", "{9DB53576-1DA0-4180-886B-C67B767C6E67}"
EndProject
Project("{FAE04EC0-301F-11D3-BF4B-00C04F79EFBC}") = "Harmonee.FamilyService", "Harmonee.FamilyService\Harmonee.FamilyService.csproj", "{6C8254A2-519C-4680-90AA-D750D86268B8}"
EndProject
Project("{FAE04EC0-301F-11D3-BF4B-00C04F79EFBC}") = "Harmonee.KitchenService", "Harmonee.KitchenService\Harmonee.KitchenService.csproj", "{DEB22095-30DB-4C0F-956C-2DB82FE56806}"
EndProject
Project("{FAE04EC0-301F-11D3-BF4B-00C04F79EFBC}") = "Harmonee.ScheduleService", "Harmonee.ScheduleService\Harmonee.ScheduleService.csproj", "{81129E3B-0504-4194-9B7F-E0F770C86F97}"
EndProject
Project("{FAE04EC0-301F-11D3-BF4B-00C04F79EFBC}") = "Harmonee.AuthService", "Harmonee.AuthService\Harmonee.AuthService.csproj", "{5C2FD0D7-E346-48E7-B868-27E348AD80A3}"
EndProject
Project("{FAE04EC0-301F-11D3-BF4B-00C04F79EFBC}") = "Harmonee.Core", "Harmonee.Core\Harmonee.Core.csproj", "{947B7948-F0FC-450E-8C44-3560AF564421}"
EndProject
Project("{FAE04EC0-301F-11D3-BF4B-00C04F79EFBC}") = "Harmonee.Resources", "Harmonee.Resources\Harmonee.Resources.csproj", "{B5FCEAA3-039C-4C77-BD89-4506487EA67B}"
EndProject
Project("{FAE04EC0-301F-11D3-BF4B-00C04F79EFBC}") = "Harmonee.Presentation", "Harmonee.Presentation\Harmonee.Presentation\Harmonee.Presentation.csproj", "{5B672BFB-198B-491C-B106-C37A8F39DC00}"
EndProject
Project("{FAE04EC0-301F-11D3-BF4B-00C04F79EFBC}") = "Harmonee.Presentation.Client", "Harmonee.Presentation\Harmonee.Presentation.Client\Harmonee.Presentation.Client.csproj", "{A639B874-D3C7-4C22-9320-6F451D61940A}"
EndProject
Project("{2150E333-8FDC-42A3-9474-1A3956D46DE8}") = "Services", "Services", "{02EA681E-C7D8-13C7-8484-4AC65E1B71E8}"
EndProject
Project("{2150E333-8FDC-42A3-9474-1A3956D46DE8}") = "Aspire", "Aspire", "{E2418F96-1994-4AF3-BF84-BD7DF3154748}"
EndProject
Project("{2150E333-8FDC-42A3-9474-1A3956D46DE8}") = "Presentation", "Presentation", "{73876CF9-58EB-4460-B0B6-35B9302E6F43}"
EndProject
Project("{2150E333-8FDC-42A3-9474-1A3956D46DE8}") = "Tests", "Tests", "{B0073B9A-BD0C-40BA-98D1-B16F5BF698CD}"
EndProject
Project("{2150E333-8FDC-42A3-9474-1A3956D46DE8}") = "Shared", "Shared", "{679A9DEF-2018-4495-8866-78781A5E2D10}"
EndProject
Project("{FAE04EC0-301F-11D3-BF4B-00C04F79EFBC}") = "Harmonee.MigrationService", "Harmonee.MigrationService\Harmonee.MigrationService.csproj", "{77A67BC1-0DF7-4D6A-A05D-E6EE2D62EE49}"
EndProject
Global
	GlobalSection(SolutionConfigurationPlatforms) = preSolution
		Debug|Any CPU = Debug|Any CPU
		Release|Any CPU = Release|Any CPU
	EndGlobalSection
	GlobalSection(ProjectConfigurationPlatforms) = postSolution
		{BB7810BB-CB3E-495E-9C31-56A33B6DAFE7}.Debug|Any CPU.ActiveCfg = Debug|Any CPU
		{BB7810BB-CB3E-495E-9C31-56A33B6DAFE7}.Debug|Any CPU.Build.0 = Debug|Any CPU
		{BB7810BB-CB3E-495E-9C31-56A33B6DAFE7}.Release|Any CPU.ActiveCfg = Release|Any CPU
		{BB7810BB-CB3E-495E-9C31-56A33B6DAFE7}.Release|Any CPU.Build.0 = Release|Any CPU
		{74E40E61-10B5-4DBA-BB8E-0F46514623FA}.Debug|Any CPU.ActiveCfg = Debug|Any CPU
		{74E40E61-10B5-4DBA-BB8E-0F46514623FA}.Debug|Any CPU.Build.0 = Debug|Any CPU
		{74E40E61-10B5-4DBA-BB8E-0F46514623FA}.Release|Any CPU.ActiveCfg = Release|Any CPU
		{74E40E61-10B5-4DBA-BB8E-0F46514623FA}.Release|Any CPU.Build.0 = Release|Any CPU
		{9DB53576-1DA0-4180-886B-C67B767C6E67}.Debug|Any CPU.ActiveCfg = Debug|Any CPU
		{9DB53576-1DA0-4180-886B-C67B767C6E67}.Debug|Any CPU.Build.0 = Debug|Any CPU
		{9DB53576-1DA0-4180-886B-C67B767C6E67}.Release|Any CPU.ActiveCfg = Release|Any CPU
		{9DB53576-1DA0-4180-886B-C67B767C6E67}.Release|Any CPU.Build.0 = Release|Any CPU
		{6C8254A2-519C-4680-90AA-D750D86268B8}.Debug|Any CPU.ActiveCfg = Debug|Any CPU
		{6C8254A2-519C-4680-90AA-D750D86268B8}.Debug|Any CPU.Build.0 = Debug|Any CPU
		{6C8254A2-519C-4680-90AA-D750D86268B8}.Release|Any CPU.ActiveCfg = Release|Any CPU
		{6C8254A2-519C-4680-90AA-D750D86268B8}.Release|Any CPU.Build.0 = Release|Any CPU
		{DEB22095-30DB-4C0F-956C-2DB82FE56806}.Debug|Any CPU.ActiveCfg = Debug|Any CPU
		{DEB22095-30DB-4C0F-956C-2DB82FE56806}.Debug|Any CPU.Build.0 = Debug|Any CPU
		{DEB22095-30DB-4C0F-956C-2DB82FE56806}.Release|Any CPU.ActiveCfg = Release|Any CPU
		{DEB22095-30DB-4C0F-956C-2DB82FE56806}.Release|Any CPU.Build.0 = Release|Any CPU
		{81129E3B-0504-4194-9B7F-E0F770C86F97}.Debug|Any CPU.ActiveCfg = Debug|Any CPU
		{81129E3B-0504-4194-9B7F-E0F770C86F97}.Debug|Any CPU.Build.0 = Debug|Any CPU
		{81129E3B-0504-4194-9B7F-E0F770C86F97}.Release|Any CPU.ActiveCfg = Release|Any CPU
		{81129E3B-0504-4194-9B7F-E0F770C86F97}.Release|Any CPU.Build.0 = Release|Any CPU
		{5C2FD0D7-E346-48E7-B868-27E348AD80A3}.Debug|Any CPU.ActiveCfg = Debug|Any CPU
		{5C2FD0D7-E346-48E7-B868-27E348AD80A3}.Debug|Any CPU.Build.0 = Debug|Any CPU
		{5C2FD0D7-E346-48E7-B868-27E348AD80A3}.Release|Any CPU.ActiveCfg = Release|Any CPU
		{5C2FD0D7-E346-48E7-B868-27E348AD80A3}.Release|Any CPU.Build.0 = Release|Any CPU
		{947B7948-F0FC-450E-8C44-3560AF564421}.Debug|Any CPU.ActiveCfg = Debug|Any CPU
		{947B7948-F0FC-450E-8C44-3560AF564421}.Debug|Any CPU.Build.0 = Debug|Any CPU
		{947B7948-F0FC-450E-8C44-3560AF564421}.Release|Any CPU.ActiveCfg = Release|Any CPU
		{947B7948-F0FC-450E-8C44-3560AF564421}.Release|Any CPU.Build.0 = Release|Any CPU
		{B5FCEAA3-039C-4C77-BD89-4506487EA67B}.Debug|Any CPU.ActiveCfg = Debug|Any CPU
		{B5FCEAA3-039C-4C77-BD89-4506487EA67B}.Debug|Any CPU.Build.0 = Debug|Any CPU
		{B5FCEAA3-039C-4C77-BD89-4506487EA67B}.Release|Any CPU.ActiveCfg = Release|Any CPU
		{B5FCEAA3-039C-4C77-BD89-4506487EA67B}.Release|Any CPU.Build.0 = Release|Any CPU
		{5B672BFB-198B-491C-B106-C37A8F39DC00}.Debug|Any CPU.ActiveCfg = Debug|Any CPU
		{5B672BFB-198B-491C-B106-C37A8F39DC00}.Debug|Any CPU.Build.0 = Debug|Any CPU
		{5B672BFB-198B-491C-B106-C37A8F39DC00}.Release|Any CPU.ActiveCfg = Release|Any CPU
		{5B672BFB-198B-491C-B106-C37A8F39DC00}.Release|Any CPU.Build.0 = Release|Any CPU
		{A639B874-D3C7-4C22-9320-6F451D61940A}.Debug|Any CPU.ActiveCfg = Debug|Any CPU
		{A639B874-D3C7-4C22-9320-6F451D61940A}.Debug|Any CPU.Build.0 = Debug|Any CPU
		{A639B874-D3C7-4C22-9320-6F451D61940A}.Release|Any CPU.ActiveCfg = Release|Any CPU
		{A639B874-D3C7-4C22-9320-6F451D61940A}.Release|Any CPU.Build.0 = Release|Any CPU
		{77A67BC1-0DF7-4D6A-A05D-E6EE2D62EE49}.Debug|Any CPU.ActiveCfg = Debug|Any CPU
		{77A67BC1-0DF7-4D6A-A05D-E6EE2D62EE49}.Debug|Any CPU.Build.0 = Debug|Any CPU
		{77A67BC1-0DF7-4D6A-A05D-E6EE2D62EE49}.Release|Any CPU.ActiveCfg = Release|Any CPU
		{77A67BC1-0DF7-4D6A-A05D-E6EE2D62EE49}.Release|Any CPU.Build.0 = Release|Any CPU
	EndGlobalSection
	GlobalSection(SolutionProperties) = preSolution
		HideSolutionNode = FALSE
	EndGlobalSection
	GlobalSection(NestedProjects) = preSolution
		{BB7810BB-CB3E-495E-9C31-56A33B6DAFE7} = {E2418F96-1994-4AF3-BF84-BD7DF3154748}
		{74E40E61-10B5-4DBA-BB8E-0F46514623FA} = {E2418F96-1994-4AF3-BF84-BD7DF3154748}
		{9DB53576-1DA0-4180-886B-C67B767C6E67} = {B0073B9A-BD0C-40BA-98D1-B16F5BF698CD}
		{6C8254A2-519C-4680-90AA-D750D86268B8} = {02EA681E-C7D8-13C7-8484-4AC65E1B71E8}
		{DEB22095-30DB-4C0F-956C-2DB82FE56806} = {02EA681E-C7D8-13C7-8484-4AC65E1B71E8}
		{81129E3B-0504-4194-9B7F-E0F770C86F97} = {02EA681E-C7D8-13C7-8484-4AC65E1B71E8}
		{5C2FD0D7-E346-48E7-B868-27E348AD80A3} = {02EA681E-C7D8-13C7-8484-4AC65E1B71E8}
		{947B7948-F0FC-450E-8C44-3560AF564421} = {679A9DEF-2018-4495-8866-78781A5E2D10}
		{B5FCEAA3-039C-4C77-BD89-4506487EA67B} = {679A9DEF-2018-4495-8866-78781A5E2D10}
		{5B672BFB-198B-491C-B106-C37A8F39DC00} = {73876CF9-58EB-4460-B0B6-35B9302E6F43}
		{A639B874-D3C7-4C22-9320-6F451D61940A} = {73876CF9-58EB-4460-B0B6-35B9302E6F43}
		{77A67BC1-0DF7-4D6A-A05D-E6EE2D62EE49} = {02EA681E-C7D8-13C7-8484-4AC65E1B71E8}
	EndGlobalSection
	GlobalSection(ExtensibilityGlobals) = postSolution
		SolutionGuid = {71657378-CE9E-4AFE-B30F-7855B3E3DD46}
	EndGlobalSection
EndGlobal
