<Solution>
  <Configurations>
    <Platform Name="Any CPU" />
    <Platform Name="x64" />
    <Platform Name="x86" />
  </Configurations>
  <Folder Name="/FeatureService/">
    <Project Path="FeatureService/Harmonee.FeatureService.Application/Harmonee.FeatureService.Application.csproj" />
    <Project Path="FeatureService/Harmonee.FeatureService.Domain/Harmonee.FeatureService.Domain.csproj" />
  </Folder>
  <Folder Name="/Presentation/" />
  <Folder Name="/Presentation/Aspire/">
    <Project Path="Presentation/Aspire/Host/Host.csproj" />
    <Project Path="Presentation/Aspire/ServiceDefaults/ServiceDefaults.csproj" />
  </Folder>
  <Folder Name="/Presentation/Web/">
    <Project Path="Presentation/Web/Harmonee.Presentation.Web/Harmonee.Presentation.Web.csproj" />
  </Folder>
  <Folder Name="/Shared/">
    <Project Path="Shared/Harmonee.Shared.Application/Harmonee.Shared.Application.csproj" />
    <Project Path="Shared/Harmonee.Shared.Domain/Harmonee.Shared.Domain.csproj" />
    <Project Path="Shared/Harmonee.Shared.Infrastructure/Harmonee.Shared.Infrastructure.csproj" />
    <Project Path="Shared/Harmonee.Shared.Presentation/Harmonee.Shared.Presentation.csproj" />
  </Folder>
  <Folder Name="/Test/" />
  <Folder Name="/Test/Integration/">
    <Project Path="../tst/Integration/Harmonee.Test.Aspire/Harmonee.Test.Aspire.csproj" />
  </Folder>
  <Folder Name="/Test/Unit/">
    <Project Path="../tst/Unit/Harmonee.Test.Domain/Harmonee.Test.Domain.csproj" />
  </Folder>
</Solution>
