Microsoft Visual Studio Solution File, Format Version 12.00
# Visual Studio Version 17
VisualStudioVersion = 17.12.35707.178
MinimumVisualStudioVersion = 10.0.40219.1
Project("{2150E333-8FDC-42A3-9474-1A3956D46DE8}") = "Aspire", "Aspire", "{64880D93-BAB4-FF83-898C-B934B68C31A9}"
EndProject
Project("{2150E333-8FDC-42A3-9474-1A3956D46DE8}") = "Presentation", "Presentation", "{06CFFD70-14AA-A959-A3BA-1B15D094E3B1}"
EndProject
Project("{2150E333-8FDC-42A3-9474-1A3956D46DE8}") = "Services", "Services", "{5854FF58-B8C5-05C6-5BF2-ACE42193F22B}"
EndProject
Project("{2150E333-8FDC-42A3-9474-1A3956D46DE8}") = "Shared", "Shared", "{4F52FD11-658E-A102-6CD3-7D7C16FFA15B}"
EndProject
Project("{2150E333-8FDC-42A3-9474-1A3956D46DE8}") = "Tests", "Tests", "{0AB3BF05-4346-4AA6-1389-037BE0695223}"
EndProject
Project("{9A19103F-16F7-4668-BE54-9A1E7A4F7556}") = "Harmonee.AppHost", "Aspire\Harmonee.AppHost\Harmonee.AppHost.csproj", "{E1D84C54-623F-4C28-824A-0E380D2E6924}"
EndProject
Project("{FAE04EC0-301F-11D3-BF4B-00C04F79EFBC}") = "Harmonee.ServiceDefaults", "Aspire\Harmonee.ServiceDefaults\Harmonee.ServiceDefaults.csproj", "{CC367748-F1B9-4B05-8A26-5FACCDDA68F2}"
EndProject
Project("{9A19103F-16F7-4668-BE54-9A1E7A4F7556}") = "Harmonee.AuthService", "Services\Harmonee.AuthService\Harmonee.AuthService.csproj", "{96C13156-1325-47D7-9C58-92CF8A5291C0}"
EndProject
Project("{FAE04EC0-301F-11D3-BF4B-00C04F79EFBC}") = "Harmonee.FamilyService", "Services\Harmonee.FamilyService\Harmonee.FamilyService.csproj", "{DFBF7033-4484-4912-AD05-E593E9478017}"
EndProject
Project("{FAE04EC0-301F-11D3-BF4B-00C04F79EFBC}") = "Harmonee.KitchenService", "Services\Harmonee.KitchenService\Harmonee.KitchenService.csproj", "{989BB83C-61D8-462A-9CFC-367ACA76DE54}"
EndProject
Project("{FAE04EC0-301F-11D3-BF4B-00C04F79EFBC}") = "Harmonee.MigrationService", "Services\Harmonee.MigrationService\Harmonee.MigrationService.csproj", "{27CC2BCB-9850-4A1B-A2DC-AF6894244FCD}"
EndProject
Project("{FAE04EC0-301F-11D3-BF4B-00C04F79EFBC}") = "Harmonee.ScheduleService", "Services\Harmonee.ScheduleService\Harmonee.ScheduleService.csproj", "{068C5323-FA4E-40B2-AB9E-0CFFADF55F70}"
EndProject
Project("{FAE04EC0-301F-11D3-BF4B-00C04F79EFBC}") = "Harmonee.Core", "Shared\Harmonee.Core\Harmonee.Core.csproj", "{A993353E-47E3-440E-81CC-A0BDE23B9741}"
EndProject
Project("{FAE04EC0-301F-11D3-BF4B-00C04F79EFBC}") = "Harmonee.Resources", "Shared\Harmonee.Resources\Harmonee.Resources.csproj", "{6DC5B152-D1D9-46C4-8795-FBF72BADDD7A}"
EndProject
Project("{FAE04EC0-301F-11D3-BF4B-00C04F79EFBC}") = "Harmonee.Tests", "Tests\Harmonee.Tests\Harmonee.Tests.csproj", "{9EC17813-74B3-471C-AD96-F28D88093066}"
EndProject
Global
	GlobalSection(SolutionConfigurationPlatforms) = preSolution
		Debug|Any CPU = Debug|Any CPU
		Debug|x64 = Debug|x64
		Debug|x86 = Debug|x86
		Release|Any CPU = Release|Any CPU
		Release|x64 = Release|x64
		Release|x86 = Release|x86
	EndGlobalSection
	GlobalSection(ProjectConfigurationPlatforms) = postSolution
		{E1D84C54-623F-4C28-824A-0E380D2E6924}.Debug|Any CPU.ActiveCfg = Debug|Any CPU
		{E1D84C54-623F-4C28-824A-0E380D2E6924}.Debug|Any CPU.Build.0 = Debug|Any CPU
		{E1D84C54-623F-4C28-824A-0E380D2E6924}.Debug|x64.ActiveCfg = Debug|Any CPU
		{E1D84C54-623F-4C28-824A-0E380D2E6924}.Debug|x64.Build.0 = Debug|Any CPU
		{E1D84C54-623F-4C28-824A-0E380D2E6924}.Debug|x86.ActiveCfg = Debug|Any CPU
		{E1D84C54-623F-4C28-824A-0E380D2E6924}.Debug|x86.Build.0 = Debug|Any CPU
		{E1D84C54-623F-4C28-824A-0E380D2E6924}.Release|Any CPU.ActiveCfg = Release|Any CPU
		{E1D84C54-623F-4C28-824A-0E380D2E6924}.Release|Any CPU.Build.0 = Release|Any CPU
		{E1D84C54-623F-4C28-824A-0E380D2E6924}.Release|x64.ActiveCfg = Release|Any CPU
		{E1D84C54-623F-4C28-824A-0E380D2E6924}.Release|x64.Build.0 = Release|Any CPU
		{E1D84C54-623F-4C28-824A-0E380D2E6924}.Release|x86.ActiveCfg = Release|Any CPU
		{E1D84C54-623F-4C28-824A-0E380D2E6924}.Release|x86.Build.0 = Release|Any CPU
		{CC367748-F1B9-4B05-8A26-5FACCDDA68F2}.Debug|Any CPU.ActiveCfg = Debug|Any CPU
		{CC367748-F1B9-4B05-8A26-5FACCDDA68F2}.Debug|Any CPU.Build.0 = Debug|Any CPU
		{CC367748-F1B9-4B05-8A26-5FACCDDA68F2}.Debug|x64.ActiveCfg = Debug|Any CPU
		{CC367748-F1B9-4B05-8A26-5FACCDDA68F2}.Debug|x64.Build.0 = Debug|Any CPU
		{CC367748-F1B9-4B05-8A26-5FACCDDA68F2}.Debug|x86.ActiveCfg = Debug|Any CPU
		{CC367748-F1B9-4B05-8A26-5FACCDDA68F2}.Debug|x86.Build.0 = Debug|Any CPU
		{CC367748-F1B9-4B05-8A26-5FACCDDA68F2}.Release|Any CPU.ActiveCfg = Release|Any CPU
		{CC367748-F1B9-4B05-8A26-5FACCDDA68F2}.Release|Any CPU.Build.0 = Release|Any CPU
		{CC367748-F1B9-4B05-8A26-5FACCDDA68F2}.Release|x64.ActiveCfg = Release|Any CPU
		{CC367748-F1B9-4B05-8A26-5FACCDDA68F2}.Release|x64.Build.0 = Release|Any CPU
		{CC367748-F1B9-4B05-8A26-5FACCDDA68F2}.Release|x86.ActiveCfg = Release|Any CPU
		{CC367748-F1B9-4B05-8A26-5FACCDDA68F2}.Release|x86.Build.0 = Release|Any CPU
		{96C13156-1325-47D7-9C58-92CF8A5291C0}.Debug|Any CPU.ActiveCfg = Debug|Any CPU
		{96C13156-1325-47D7-9C58-92CF8A5291C0}.Debug|Any CPU.Build.0 = Debug|Any CPU
		{96C13156-1325-47D7-9C58-92CF8A5291C0}.Debug|x64.ActiveCfg = Debug|Any CPU
		{96C13156-1325-47D7-9C58-92CF8A5291C0}.Debug|x64.Build.0 = Debug|Any CPU
		{96C13156-1325-47D7-9C58-92CF8A5291C0}.Debug|x86.ActiveCfg = Debug|Any CPU
		{96C13156-1325-47D7-9C58-92CF8A5291C0}.Debug|x86.Build.0 = Debug|Any CPU
		{96C13156-1325-47D7-9C58-92CF8A5291C0}.Release|Any CPU.ActiveCfg = Release|Any CPU
		{96C13156-1325-47D7-9C58-92CF8A5291C0}.Release|Any CPU.Build.0 = Release|Any CPU
		{96C13156-1325-47D7-9C58-92CF8A5291C0}.Release|x64.ActiveCfg = Release|Any CPU
		{96C13156-1325-47D7-9C58-92CF8A5291C0}.Release|x64.Build.0 = Release|Any CPU
		{96C13156-1325-47D7-9C58-92CF8A5291C0}.Release|x86.ActiveCfg = Release|Any CPU
		{96C13156-1325-47D7-9C58-92CF8A5291C0}.Release|x86.Build.0 = Release|Any CPU
		{DFBF7033-4484-4912-AD05-E593E9478017}.Debug|Any CPU.ActiveCfg = Debug|Any CPU
		{DFBF7033-4484-4912-AD05-E593E9478017}.Debug|Any CPU.Build.0 = Debug|Any CPU
		{DFBF7033-4484-4912-AD05-E593E9478017}.Debug|x64.ActiveCfg = Debug|Any CPU
		{DFBF7033-4484-4912-AD05-E593E9478017}.Debug|x64.Build.0 = Debug|Any CPU
		{DFBF7033-4484-4912-AD05-E593E9478017}.Debug|x86.ActiveCfg = Debug|Any CPU
		{DFBF7033-4484-4912-AD05-E593E9478017}.Debug|x86.Build.0 = Debug|Any CPU
		{DFBF7033-4484-4912-AD05-E593E9478017}.Release|Any CPU.ActiveCfg = Release|Any CPU
		{DFBF7033-4484-4912-AD05-E593E9478017}.Release|Any CPU.Build.0 = Release|Any CPU
		{DFBF7033-4484-4912-AD05-E593E9478017}.Release|x64.ActiveCfg = Release|Any CPU
		{DFBF7033-4484-4912-AD05-E593E9478017}.Release|x64.Build.0 = Release|Any CPU
		{DFBF7033-4484-4912-AD05-E593E9478017}.Release|x86.ActiveCfg = Release|Any CPU
		{DFBF7033-4484-4912-AD05-E593E9478017}.Release|x86.Build.0 = Release|Any CPU
		{989BB83C-61D8-462A-9CFC-367ACA76DE54}.Debug|Any CPU.ActiveCfg = Debug|Any CPU
		{989BB83C-61D8-462A-9CFC-367ACA76DE54}.Debug|Any CPU.Build.0 = Debug|Any CPU
		{989BB83C-61D8-462A-9CFC-367ACA76DE54}.Debug|x64.ActiveCfg = Debug|Any CPU
		{989BB83C-61D8-462A-9CFC-367ACA76DE54}.Debug|x64.Build.0 = Debug|Any CPU
		{989BB83C-61D8-462A-9CFC-367ACA76DE54}.Debug|x86.ActiveCfg = Debug|Any CPU
		{989BB83C-61D8-462A-9CFC-367ACA76DE54}.Debug|x86.Build.0 = Debug|Any CPU
		{989BB83C-61D8-462A-9CFC-367ACA76DE54}.Release|Any CPU.ActiveCfg = Release|Any CPU
		{989BB83C-61D8-462A-9CFC-367ACA76DE54}.Release|Any CPU.Build.0 = Release|Any CPU
		{989BB83C-61D8-462A-9CFC-367ACA76DE54}.Release|x64.ActiveCfg = Release|Any CPU
		{989BB83C-61D8-462A-9CFC-367ACA76DE54}.Release|x64.Build.0 = Release|Any CPU
		{989BB83C-61D8-462A-9CFC-367ACA76DE54}.Release|x86.ActiveCfg = Release|Any CPU
		{989BB83C-61D8-462A-9CFC-367ACA76DE54}.Release|x86.Build.0 = Release|Any CPU
		{27CC2BCB-9850-4A1B-A2DC-AF6894244FCD}.Debug|Any CPU.ActiveCfg = Debug|Any CPU
		{27CC2BCB-9850-4A1B-A2DC-AF6894244FCD}.Debug|Any CPU.Build.0 = Debug|Any CPU
		{27CC2BCB-9850-4A1B-A2DC-AF6894244FCD}.Debug|x64.ActiveCfg = Debug|Any CPU
		{27CC2BCB-9850-4A1B-A2DC-AF6894244FCD}.Debug|x64.Build.0 = Debug|Any CPU
		{27CC2BCB-9850-4A1B-A2DC-AF6894244FCD}.Debug|x86.ActiveCfg = Debug|Any CPU
		{27CC2BCB-9850-4A1B-A2DC-AF6894244FCD}.Debug|x86.Build.0 = Debug|Any CPU
		{27CC2BCB-9850-4A1B-A2DC-AF6894244FCD}.Release|Any CPU.ActiveCfg = Release|Any CPU
		{27CC2BCB-9850-4A1B-A2DC-AF6894244FCD}.Release|Any CPU.Build.0 = Release|Any CPU
		{27CC2BCB-9850-4A1B-A2DC-AF6894244FCD}.Release|x64.ActiveCfg = Release|Any CPU
		{27CC2BCB-9850-4A1B-A2DC-AF6894244FCD}.Release|x64.Build.0 = Release|Any CPU
		{27CC2BCB-9850-4A1B-A2DC-AF6894244FCD}.Release|x86.ActiveCfg = Release|Any CPU
		{27CC2BCB-9850-4A1B-A2DC-AF6894244FCD}.Release|x86.Build.0 = Release|Any CPU
		{068C5323-FA4E-40B2-AB9E-0CFFADF55F70}.Debug|Any CPU.ActiveCfg = Debug|Any CPU
		{068C5323-FA4E-40B2-AB9E-0CFFADF55F70}.Debug|Any CPU.Build.0 = Debug|Any CPU
		{068C5323-FA4E-40B2-AB9E-0CFFADF55F70}.Debug|x64.ActiveCfg = Debug|Any CPU
		{068C5323-FA4E-40B2-AB9E-0CFFADF55F70}.Debug|x64.Build.0 = Debug|Any CPU
		{068C5323-FA4E-40B2-AB9E-0CFFADF55F70}.Debug|x86.ActiveCfg = Debug|Any CPU
		{068C5323-FA4E-40B2-AB9E-0CFFADF55F70}.Debug|x86.Build.0 = Debug|Any CPU
		{068C5323-FA4E-40B2-AB9E-0CFFADF55F70}.Release|Any CPU.ActiveCfg = Release|Any CPU
		{068C5323-FA4E-40B2-AB9E-0CFFADF55F70}.Release|Any CPU.Build.0 = Release|Any CPU
		{068C5323-FA4E-40B2-AB9E-0CFFADF55F70}.Release|x64.ActiveCfg = Release|Any CPU
		{068C5323-FA4E-40B2-AB9E-0CFFADF55F70}.Release|x64.Build.0 = Release|Any CPU
		{068C5323-FA4E-40B2-AB9E-0CFFADF55F70}.Release|x86.ActiveCfg = Release|Any CPU
		{068C5323-FA4E-40B2-AB9E-0CFFADF55F70}.Release|x86.Build.0 = Release|Any CPU
		{A993353E-47E3-440E-81CC-A0BDE23B9741}.Debug|Any CPU.ActiveCfg = Debug|Any CPU
		{A993353E-47E3-440E-81CC-A0BDE23B9741}.Debug|Any CPU.Build.0 = Debug|Any CPU
		{A993353E-47E3-440E-81CC-A0BDE23B9741}.Debug|x64.ActiveCfg = Debug|Any CPU
		{A993353E-47E3-440E-81CC-A0BDE23B9741}.Debug|x64.Build.0 = Debug|Any CPU
		{A993353E-47E3-440E-81CC-A0BDE23B9741}.Debug|x86.ActiveCfg = Debug|Any CPU
		{A993353E-47E3-440E-81CC-A0BDE23B9741}.Debug|x86.Build.0 = Debug|Any CPU
		{A993353E-47E3-440E-81CC-A0BDE23B9741}.Release|Any CPU.ActiveCfg = Release|Any CPU
		{A993353E-47E3-440E-81CC-A0BDE23B9741}.Release|Any CPU.Build.0 = Release|Any CPU
		{A993353E-47E3-440E-81CC-A0BDE23B9741}.Release|x64.ActiveCfg = Release|Any CPU
		{A993353E-47E3-440E-81CC-A0BDE23B9741}.Release|x64.Build.0 = Release|Any CPU
		{A993353E-47E3-440E-81CC-A0BDE23B9741}.Release|x86.ActiveCfg = Release|Any CPU
		{A993353E-47E3-440E-81CC-A0BDE23B9741}.Release|x86.Build.0 = Release|Any CPU
		{6DC5B152-D1D9-46C4-8795-FBF72BADDD7A}.Debug|Any CPU.ActiveCfg = Debug|Any CPU
		{6DC5B152-D1D9-46C4-8795-FBF72BADDD7A}.Debug|Any CPU.Build.0 = Debug|Any CPU
		{6DC5B152-D1D9-46C4-8795-FBF72BADDD7A}.Debug|x64.ActiveCfg = Debug|Any CPU
		{6DC5B152-D1D9-46C4-8795-FBF72BADDD7A}.Debug|x64.Build.0 = Debug|Any CPU
		{6DC5B152-D1D9-46C4-8795-FBF72BADDD7A}.Debug|x86.ActiveCfg = Debug|Any CPU
		{6DC5B152-D1D9-46C4-8795-FBF72BADDD7A}.Debug|x86.Build.0 = Debug|Any CPU
		{6DC5B152-D1D9-46C4-8795-FBF72BADDD7A}.Release|Any CPU.ActiveCfg = Release|Any CPU
		{6DC5B152-D1D9-46C4-8795-FBF72BADDD7A}.Release|Any CPU.Build.0 = Release|Any CPU
		{6DC5B152-D1D9-46C4-8795-FBF72BADDD7A}.Release|x64.ActiveCfg = Release|Any CPU
		{6DC5B152-D1D9-46C4-8795-FBF72BADDD7A}.Release|x64.Build.0 = Release|Any CPU
		{6DC5B152-D1D9-46C4-8795-FBF72BADDD7A}.Release|x86.ActiveCfg = Release|Any CPU
		{6DC5B152-D1D9-46C4-8795-FBF72BADDD7A}.Release|x86.Build.0 = Release|Any CPU
		{9EC17813-74B3-471C-AD96-F28D88093066}.Debug|Any CPU.ActiveCfg = Debug|Any CPU
		{9EC17813-74B3-471C-AD96-F28D88093066}.Debug|Any CPU.Build.0 = Debug|Any CPU
		{9EC17813-74B3-471C-AD96-F28D88093066}.Debug|x64.ActiveCfg = Debug|Any CPU
		{9EC17813-74B3-471C-AD96-F28D88093066}.Debug|x64.Build.0 = Debug|Any CPU
		{9EC17813-74B3-471C-AD96-F28D88093066}.Debug|x86.ActiveCfg = Debug|Any CPU
		{9EC17813-74B3-471C-AD96-F28D88093066}.Debug|x86.Build.0 = Debug|Any CPU
		{9EC17813-74B3-471C-AD96-F28D88093066}.Release|Any CPU.ActiveCfg = Release|Any CPU
		{9EC17813-74B3-471C-AD96-F28D88093066}.Release|Any CPU.Build.0 = Release|Any CPU
		{9EC17813-74B3-471C-AD96-F28D88093066}.Release|x64.ActiveCfg = Release|Any CPU
		{9EC17813-74B3-471C-AD96-F28D88093066}.Release|x64.Build.0 = Release|Any CPU
		{9EC17813-74B3-471C-AD96-F28D88093066}.Release|x86.ActiveCfg = Release|Any CPU
		{9EC17813-74B3-471C-AD96-F28D88093066}.Release|x86.Build.0 = Release|Any CPU
	EndGlobalSection
	GlobalSection(SolutionProperties) = preSolution
		HideSolutionNode = FALSE
	EndGlobalSection
	GlobalSection(NestedProjects) = preSolution
		{E1D84C54-623F-4C28-824A-0E380D2E6924} = {64880D93-BAB4-FF83-898C-B934B68C31A9}
		{CC367748-F1B9-4B05-8A26-5FACCDDA68F2} = {64880D93-BAB4-FF83-898C-B934B68C31A9}
		{96C13156-1325-47D7-9C58-92CF8A5291C0} = {5854FF58-B8C5-05C6-5BF2-ACE42193F22B}
		{DFBF7033-4484-4912-AD05-E593E9478017} = {5854FF58-B8C5-05C6-5BF2-ACE42193F22B}
		{989BB83C-61D8-462A-9CFC-367ACA76DE54} = {5854FF58-B8C5-05C6-5BF2-ACE42193F22B}
		{27CC2BCB-9850-4A1B-A2DC-AF6894244FCD} = {5854FF58-B8C5-05C6-5BF2-ACE42193F22B}
		{068C5323-FA4E-40B2-AB9E-0CFFADF55F70} = {5854FF58-B8C5-05C6-5BF2-ACE42193F22B}
		{A993353E-47E3-440E-81CC-A0BDE23B9741} = {4F52FD11-658E-A102-6CD3-7D7C16FFA15B}
		{6DC5B152-D1D9-46C4-8795-FBF72BADDD7A} = {4F52FD11-658E-A102-6CD3-7D7C16FFA15B}
		{9EC17813-74B3-471C-AD96-F28D88093066} = {0AB3BF05-4346-4AA6-1389-037BE0695223}
	EndGlobalSection
	GlobalSection(ExtensibilityGlobals) = postSolution
		SolutionGuid = {71657378-CE9E-4AFE-B30F-7855B3E3DD46}
	EndGlobalSection
EndGlobal
