<Solution>
  <Configurations>
    <Platform Name="Any CPU" />
    <Platform Name="x64" />
    <Platform Name="x86" />
  </Configurations>
  <Folder Name="/FamilyService/">
    <Project Path="FamilyService/Harmonee.FamilyService.Application/Harmonee.FamilyService.Application.csproj" />
    <Project Path="FamilyService/Harmonee.FamilyService.Domain/Harmonee.FamilyService.Domain.csproj" />
    <Project Path="FamilyService/Harmonee.FamilyService.Infrastructure/Harmonee.FamilyService.Infrastructure.csproj" />
    <Project Path="FamilyService/Harmonee.FamilyService.Presentation/Harmonee.FamilyService.Presentation.csproj" />
  </Folder>
  <Folder Name="/FeatureService/">
    <Project Path="FeatureService/Harmonee.FeatureService.Application/Harmonee.FeatureService.Application.csproj" />
    <Project Path="FeatureService/Harmonee.FeatureService.Domain/Harmonee.FeatureService.Domain.csproj" />
  </Folder>
  <Folder Name="/Presentation/" />
  <Folder Name="/Presentation/Aspire/">
    <Project Path="Presentation/Aspire/Host/Host.csproj" />
    <Project Path="Presentation/Aspire/ServiceDefaults/ServiceDefaults.csproj" />
  </Folder>
  <Folder Name="/Presentation/Web/">
    <Project Path="Presentation/Web/Harmonee.Presentation.Web/Harmonee.Presentation.Web.csproj" />
  </Folder>
  <Folder Name="/Shared/">
    <Project Path="Shared/Harmonee.Shared.Application/Harmonee.Shared.Application.csproj" />
    <Project Path="Shared/Harmonee.Shared.Domain/Harmonee.Shared.Domain.csproj" />
    <Project Path="Shared/Harmonee.Shared.Infrastructure/Harmonee.Shared.Infrastructure.csproj" />
    <Project Path="Shared/Harmonee.Shared.Presentation/Harmonee.Shared.Presentation.csproj" />
  </Folder>
  <Folder Name="/Test/" />
  <Folder Name="/Test/Integration/" />
  <Folder Name="/Test/Shared/">
    <Project Path="../tst/Shared/Harmonee.Test.Shared/Harmonee.Test.Shared.csproj" />
  </Folder>
  <Folder Name="/Test/Unit/">
    <Project Path="../tst/Unit/Harmonee.UnitTest.FamilyService/Harmonee.UnitTest.FamilyService.csproj" />
    <Project Path="../tst/Unit/Harmonee.UnitTest.HarmoneeShared/Harmonee.UnitTest.HarmoneeShared.csproj" />
  </Folder>
</Solution>
